
Microsoft Visual Studio Solution File, Format Version 12.00
# Visual Studio Version 17
VisualStudioVersion = 17.0.32014.148
MinimumVisualStudioVersion = 10.0.40219.1
Project("{FAE04EC0-301F-11D3-BF4B-00C04F79EFBC}") = "BinaryRepresentation", "BinaryRepresentation\BinaryRepresentation.csproj", "{35AD5F33-A9CC-44AC-A76A-988DC646840C}"
EndProject
Project("{FAE04EC0-301F-11D3-BF4B-00C04F79EFBC}") = "TestBinaryRepresentation", "TestBinaryRepresentation\TestBinaryRepresentation.csproj", "{DDEC8534-0419-4EAF-9E1F-235C6D9FD890}"
EndProject
Global
	GlobalSection(SolutionConfigurationPlatforms) = preSolution
		Debug|Any CPU = Debug|Any CPU
		Release|Any CPU = Release|Any CPU
	EndGlobalSection
	GlobalSection(ProjectConfigurationPlatforms) = postSolution
		{35AD5F33-A9CC-44AC-A76A-988DC646840C}.Debug|Any CPU.ActiveCfg = Debug|Any CPU
		{35AD5F33-A9CC-44AC-A76A-988DC646840C}.Debug|Any CPU.Build.0 = Debug|Any CPU
		{35AD5F33-A9CC-44AC-A76A-988DC646840C}.Release|Any CPU.ActiveCfg = Release|Any CPU
		{35AD5F33-A9CC-44AC-A76A-988DC646840C}.Release|Any CPU.Build.0 = Release|Any CPU
		{DDEC8534-0419-4EAF-9E1F-235C6D9FD890}.Debug|Any CPU.ActiveCfg = Debug|Any CPU
		{DDEC8534-0419-4EAF-9E1F-235C6D9FD890}.Debug|Any CPU.Build.0 = Debug|Any CPU
		{DDEC8534-0419-4EAF-9E1F-235C6D9FD890}.Release|Any CPU.ActiveCfg = Release|Any CPU
		{DDEC8534-0419-4EAF-9E1F-235C6D9FD890}.Release|Any CPU.Build.0 = Release|Any CPU
	EndGlobalSection
	GlobalSection(SolutionProperties) = preSolution
		HideSolutionNode = FALSE
	EndGlobalSection
	GlobalSection(ExtensibilityGlobals) = postSolution
		SolutionGuid = {422ED861-31D4-4CE0-BC91-0E8196B8F14F}
	EndGlobalSection
EndGlobal
